// !$*UTF8*$!
{
	archiveVersion = 1;
	classes = {
	};
	objectVersion = 56;
	objects = {

/* Begin PBXBuildFile section */
		9E038ABA2B9045C40056F615 /* ExploreViewModel.swift in Sources */ = {isa = PBXBuildFile; fileRef = 9E038AB92B9045C40056F615 /* ExploreViewModel.swift */; };
		9E038ABC2B9046490056F615 /* ExploreService.swift in Sources */ = {isa = PBXBuildFile; fileRef = 9E038ABB2B9046490056F615 /* ExploreService.swift */; };
		9E038ABE2B906EA90056F615 /* Regions.swift in Sources */ = {isa = PBXBuildFile; fileRef = 9E038ABD2B906EA90056F615 /* Regions.swift */; };
		9E137A932B95FEA100964922 /* SettingsRowView.swift in Sources */ = {isa = PBXBuildFile; fileRef = 9E137A922B95FEA100964922 /* SettingsRowView.swift */; };
		9E137A952B96045D00964922 /* UserModel.swift in Sources */ = {isa = PBXBuildFile; fileRef = 9E137A942B96045D00964922 /* UserModel.swift */; };
		9E137A972B960D3800964922 /* GoogleService-Info.plist in Resources */ = {isa = PBXBuildFile; fileRef = 9E137A962B960D3800964922 /* GoogleService-Info.plist */; };
		9E137A9A2B961A3300964922 /* FirebaseAnalytics in Frameworks */ = {isa = PBXBuildFile; productRef = 9E137A992B961A3300964922 /* FirebaseAnalytics */; };
		9E137A9C2B961A3300964922 /* FirebaseAnalyticsOnDeviceConversion in Frameworks */ = {isa = PBXBuildFile; productRef = 9E137A9B2B961A3300964922 /* FirebaseAnalyticsOnDeviceConversion */; };
		9E137A9E2B961A3300964922 /* FirebaseAnalyticsSwift in Frameworks */ = {isa = PBXBuildFile; productRef = 9E137A9D2B961A3300964922 /* FirebaseAnalyticsSwift */; };
		9E137AA02B961A3300964922 /* FirebaseAnalyticsWithoutAdIdSupport in Frameworks */ = {isa = PBXBuildFile; productRef = 9E137A9F2B961A3300964922 /* FirebaseAnalyticsWithoutAdIdSupport */; };
		9E137AA22B961A3300964922 /* FirebaseAppCheck in Frameworks */ = {isa = PBXBuildFile; productRef = 9E137AA12B961A3300964922 /* FirebaseAppCheck */; };
		9E137AA42B961A3300964922 /* FirebaseAppDistribution-Beta in Frameworks */ = {isa = PBXBuildFile; productRef = 9E137AA32B961A3300964922 /* FirebaseAppDistribution-Beta */; };
		9E137AA62B961A3300964922 /* FirebaseAuth in Frameworks */ = {isa = PBXBuildFile; productRef = 9E137AA52B961A3300964922 /* FirebaseAuth */; };
		9E137AA82B961A3300964922 /* FirebaseAuthCombine-Community in Frameworks */ = {isa = PBXBuildFile; productRef = 9E137AA72B961A3300964922 /* FirebaseAuthCombine-Community */; };
		9E137AAA2B961A3300964922 /* FirebaseCrashlytics in Frameworks */ = {isa = PBXBuildFile; productRef = 9E137AA92B961A3300964922 /* FirebaseCrashlytics */; };
		9E137AAC2B961A3300964922 /* FirebaseDatabase in Frameworks */ = {isa = PBXBuildFile; productRef = 9E137AAB2B961A3300964922 /* FirebaseDatabase */; };
		9E137AAE2B961A3300964922 /* FirebaseDatabaseSwift in Frameworks */ = {isa = PBXBuildFile; productRef = 9E137AAD2B961A3300964922 /* FirebaseDatabaseSwift */; };
		9E137AB02B961A3300964922 /* FirebaseDynamicLinks in Frameworks */ = {isa = PBXBuildFile; productRef = 9E137AAF2B961A3300964922 /* FirebaseDynamicLinks */; };
		9E137AB22B961A3300964922 /* FirebaseFirestore in Frameworks */ = {isa = PBXBuildFile; productRef = 9E137AB12B961A3300964922 /* FirebaseFirestore */; };
		9E137AB42B961A3300964922 /* FirebaseFirestoreCombine-Community in Frameworks */ = {isa = PBXBuildFile; productRef = 9E137AB32B961A3300964922 /* FirebaseFirestoreCombine-Community */; };
		9E137AB62B961A3300964922 /* FirebaseFirestoreSwift in Frameworks */ = {isa = PBXBuildFile; productRef = 9E137AB52B961A3300964922 /* FirebaseFirestoreSwift */; };
		9E137AB82B961A3300964922 /* FirebaseFunctions in Frameworks */ = {isa = PBXBuildFile; productRef = 9E137AB72B961A3300964922 /* FirebaseFunctions */; };
		9E137ABA2B961A3300964922 /* FirebaseFunctionsCombine-Community in Frameworks */ = {isa = PBXBuildFile; productRef = 9E137AB92B961A3300964922 /* FirebaseFunctionsCombine-Community */; };
		9E137ABC2B961A3400964922 /* FirebaseInAppMessaging-Beta in Frameworks */ = {isa = PBXBuildFile; productRef = 9E137ABB2B961A3300964922 /* FirebaseInAppMessaging-Beta */; };
		9E137ABE2B961A3400964922 /* FirebaseInAppMessagingSwift-Beta in Frameworks */ = {isa = PBXBuildFile; productRef = 9E137ABD2B961A3400964922 /* FirebaseInAppMessagingSwift-Beta */; };
		9E137AC02B961A3400964922 /* FirebaseInstallations in Frameworks */ = {isa = PBXBuildFile; productRef = 9E137ABF2B961A3400964922 /* FirebaseInstallations */; };
		9E137AC22B961A3400964922 /* FirebaseMLModelDownloader in Frameworks */ = {isa = PBXBuildFile; productRef = 9E137AC12B961A3400964922 /* FirebaseMLModelDownloader */; };
		9E137AC42B961A3400964922 /* FirebaseMessaging in Frameworks */ = {isa = PBXBuildFile; productRef = 9E137AC32B961A3400964922 /* FirebaseMessaging */; };
		9E137AC62B961A3400964922 /* FirebasePerformance in Frameworks */ = {isa = PBXBuildFile; productRef = 9E137AC52B961A3400964922 /* FirebasePerformance */; };
		9E137AC82B961A3400964922 /* FirebaseRemoteConfig in Frameworks */ = {isa = PBXBuildFile; productRef = 9E137AC72B961A3400964922 /* FirebaseRemoteConfig */; };
		9E137ACA2B961A3400964922 /* FirebaseRemoteConfigSwift in Frameworks */ = {isa = PBXBuildFile; productRef = 9E137AC92B961A3400964922 /* FirebaseRemoteConfigSwift */; };
		9E137ACC2B961A3400964922 /* FirebaseStorage in Frameworks */ = {isa = PBXBuildFile; productRef = 9E137ACB2B961A3400964922 /* FirebaseStorage */; };
		9E137ACE2B961A3400964922 /* FirebaseStorageCombine-Community in Frameworks */ = {isa = PBXBuildFile; productRef = 9E137ACD2B961A3400964922 /* FirebaseStorageCombine-Community */; };
		9E137AD22B961B5F00964922 /* AuthViewModel.swift in Sources */ = {isa = PBXBuildFile; fileRef = 9E137AD12B961B5F00964922 /* AuthViewModel.swift */; };
		9E1FDD2A2B925107002E437E /* LoginView.swift in Sources */ = {isa = PBXBuildFile; fileRef = 9E1FDD292B925107002E437E /* LoginView.swift */; };
		9E1FDD2C2B92530A002E437E /* InputView.swift in Sources */ = {isa = PBXBuildFile; fileRef = 9E1FDD2B2B92530A002E437E /* InputView.swift */; };
		9E2958602B8FD6BD00F0CA05 /* DeveloperPreview.swift in Sources */ = {isa = PBXBuildFile; fileRef = 9E29585F2B8FD6BD00F0CA05 /* DeveloperPreview.swift */; };
		9E2A17DD2B8C85AA00BE20CE /* AirbnbApp.swift in Sources */ = {isa = PBXBuildFile; fileRef = 9E2A17DC2B8C85AA00BE20CE /* AirbnbApp.swift */; };
		9E2A17DF2B8C85AA00BE20CE /* ContentView.swift in Sources */ = {isa = PBXBuildFile; fileRef = 9E2A17DE2B8C85AA00BE20CE /* ContentView.swift */; };
		9E2A17E12B8C85AD00BE20CE /* Assets.xcassets in Resources */ = {isa = PBXBuildFile; fileRef = 9E2A17E02B8C85AD00BE20CE /* Assets.xcassets */; };
		9E2A17E42B8C85AD00BE20CE /* Preview Assets.xcassets in Resources */ = {isa = PBXBuildFile; fileRef = 9E2A17E32B8C85AD00BE20CE /* Preview Assets.xcassets */; };
		9E2EA5ED2B92F6C5005F9D40 /* SignUp.swift in Sources */ = {isa = PBXBuildFile; fileRef = 9E2EA5EC2B92F6C5005F9D40 /* SignUp.swift */; };
		9EA2DC0A2B8F71DD0081949C /* ProfileView.swift in Sources */ = {isa = PBXBuildFile; fileRef = 9EA2DC092B8F71DD0081949C /* ProfileView.swift */; };
		9EA2DC0C2B8F88860081949C /* ProfileOptionRowView.swift in Sources */ = {isa = PBXBuildFile; fileRef = 9EA2DC0B2B8F88860081949C /* ProfileOptionRowView.swift */; };
		9EA2DC0E2B8F8AD40081949C /* WishlistView.swift in Sources */ = {isa = PBXBuildFile; fileRef = 9EA2DC0D2B8F8AD40081949C /* WishlistView.swift */; };
		9EA2DC142B8F8E100081949C /* MainTabView.swift in Sources */ = {isa = PBXBuildFile; fileRef = 9EA2DC132B8F8E100081949C /* MainTabView.swift */; };
		9EA2DC182B8F92990081949C /* Listing.swift in Sources */ = {isa = PBXBuildFile; fileRef = 9EA2DC172B8F92990081949C /* Listing.swift */; };
		9ED0BCF62B8CFE1900ABFEB1 /* ExploreView.swift in Sources */ = {isa = PBXBuildFile; fileRef = 9ED0BCF52B8CFE1900ABFEB1 /* ExploreView.swift */; };
		9ED0BCF82B8D14BD00ABFEB1 /* ListingItemView.swift in Sources */ = {isa = PBXBuildFile; fileRef = 9ED0BCF72B8D14BD00ABFEB1 /* ListingItemView.swift */; };
		9EE724882B8DA3AE0067332A /* SearchAndFilterBar.swift in Sources */ = {isa = PBXBuildFile; fileRef = 9EE724872B8DA3AE0067332A /* SearchAndFilterBar.swift */; };
		9EE7248A2B8DADE30067332A /* ListingDetailView.swift in Sources */ = {isa = PBXBuildFile; fileRef = 9EE724892B8DADE30067332A /* ListingDetailView.swift */; };
		9EE7248D2B8DAEB70067332A /* ListingImageCarouselView.swift in Sources */ = {isa = PBXBuildFile; fileRef = 9EE7248C2B8DAEB70067332A /* ListingImageCarouselView.swift */; };
		9EE7248F2B8DB2470067332A /* Ratings.swift in Sources */ = {isa = PBXBuildFile; fileRef = 9EE7248E2B8DB2470067332A /* Ratings.swift */; };
		9EFC33972B8E22EE0014FD22 /* DestinationSearchView.swift in Sources */ = {isa = PBXBuildFile; fileRef = 9EFC33962B8E22EE0014FD22 /* DestinationSearchView.swift */; };
/* End PBXBuildFile section */

/* Begin PBXFileReference section */
		9E038AB92B9045C40056F615 /* ExploreViewModel.swift */ = {isa = PBXFileReference; lastKnownFileType = sourcecode.swift; path = ExploreViewModel.swift; sourceTree = "<group>"; };
		9E038ABB2B9046490056F615 /* ExploreService.swift */ = {isa = PBXFileReference; lastKnownFileType = sourcecode.swift; path = ExploreService.swift; sourceTree = "<group>"; };
		9E038ABD2B906EA90056F615 /* Regions.swift */ = {isa = PBXFileReference; lastKnownFileType = sourcecode.swift; name = Regions.swift; path = Airbnb/Core/Explore/Service/Regions.swift; sourceTree = SOURCE_ROOT; };
		9E137A922B95FEA100964922 /* SettingsRowView.swift */ = {isa = PBXFileReference; lastKnownFileType = sourcecode.swift; path = SettingsRowView.swift; sourceTree = "<group>"; };
		9E137A942B96045D00964922 /* UserModel.swift */ = {isa = PBXFileReference; lastKnownFileType = sourcecode.swift; path = UserModel.swift; sourceTree = "<group>"; };
		9E137A962B960D3800964922 /* GoogleService-Info.plist */ = {isa = PBXFileReference; lastKnownFileType = text.plist; path = "GoogleService-Info.plist"; sourceTree = SOURCE_ROOT; };
		9E137AD12B961B5F00964922 /* AuthViewModel.swift */ = {isa = PBXFileReference; lastKnownFileType = sourcecode.swift; path = AuthViewModel.swift; sourceTree = "<group>"; };
		9E1FDD292B925107002E437E /* LoginView.swift */ = {isa = PBXFileReference; lastKnownFileType = sourcecode.swift; path = LoginView.swift; sourceTree = "<group>"; };
		9E1FDD2B2B92530A002E437E /* InputView.swift */ = {isa = PBXFileReference; lastKnownFileType = sourcecode.swift; path = InputView.swift; sourceTree = "<group>"; };
		9E29585F2B8FD6BD00F0CA05 /* DeveloperPreview.swift */ = {isa = PBXFileReference; lastKnownFileType = sourcecode.swift; name = DeveloperPreview.swift; path = Airbnb/Core/Listings/Model/DeveloperPreview.swift; sourceTree = SOURCE_ROOT; };
		9E2A17D92B8C85AA00BE20CE /* Airbnb.app */ = {isa = PBXFileReference; explicitFileType = wrapper.application; includeInIndex = 0; path = Airbnb.app; sourceTree = BUILT_PRODUCTS_DIR; };
		9E2A17DC2B8C85AA00BE20CE /* AirbnbApp.swift */ = {isa = PBXFileReference; lastKnownFileType = sourcecode.swift; path = AirbnbApp.swift; sourceTree = "<group>"; };
		9E2A17DE2B8C85AA00BE20CE /* ContentView.swift */ = {isa = PBXFileReference; lastKnownFileType = sourcecode.swift; path = ContentView.swift; sourceTree = "<group>"; };
		9E2A17E02B8C85AD00BE20CE /* Assets.xcassets */ = {isa = PBXFileReference; lastKnownFileType = folder.assetcatalog; path = Assets.xcassets; sourceTree = "<group>"; };
		9E2A17E32B8C85AD00BE20CE /* Preview Assets.xcassets */ = {isa = PBXFileReference; lastKnownFileType = folder.assetcatalog; path = "Preview Assets.xcassets"; sourceTree = "<group>"; };
		9E2EA5EC2B92F6C5005F9D40 /* SignUp.swift */ = {isa = PBXFileReference; lastKnownFileType = sourcecode.swift; path = SignUp.swift; sourceTree = "<group>"; };
		9EA2DC092B8F71DD0081949C /* ProfileView.swift */ = {isa = PBXFileReference; lastKnownFileType = sourcecode.swift; path = ProfileView.swift; sourceTree = "<group>"; };
		9EA2DC0B2B8F88860081949C /* ProfileOptionRowView.swift */ = {isa = PBXFileReference; lastKnownFileType = sourcecode.swift; path = ProfileOptionRowView.swift; sourceTree = "<group>"; };
		9EA2DC0D2B8F8AD40081949C /* WishlistView.swift */ = {isa = PBXFileReference; lastKnownFileType = sourcecode.swift; path = WishlistView.swift; sourceTree = "<group>"; };
		9EA2DC132B8F8E100081949C /* MainTabView.swift */ = {isa = PBXFileReference; lastKnownFileType = sourcecode.swift; path = MainTabView.swift; sourceTree = "<group>"; };
		9EA2DC172B8F92990081949C /* Listing.swift */ = {isa = PBXFileReference; lastKnownFileType = sourcecode.swift; path = Listing.swift; sourceTree = "<group>"; };
		9ED0BCF52B8CFE1900ABFEB1 /* ExploreView.swift */ = {isa = PBXFileReference; lastKnownFileType = sourcecode.swift; path = ExploreView.swift; sourceTree = "<group>"; };
		9ED0BCF72B8D14BD00ABFEB1 /* ListingItemView.swift */ = {isa = PBXFileReference; lastKnownFileType = sourcecode.swift; path = ListingItemView.swift; sourceTree = "<group>"; };
		9EE724872B8DA3AE0067332A /* SearchAndFilterBar.swift */ = {isa = PBXFileReference; lastKnownFileType = sourcecode.swift; path = SearchAndFilterBar.swift; sourceTree = "<group>"; };
		9EE724892B8DADE30067332A /* ListingDetailView.swift */ = {isa = PBXFileReference; lastKnownFileType = sourcecode.swift; path = ListingDetailView.swift; sourceTree = "<group>"; };
		9EE7248C2B8DAEB70067332A /* ListingImageCarouselView.swift */ = {isa = PBXFileReference; lastKnownFileType = sourcecode.swift; path = ListingImageCarouselView.swift; sourceTree = "<group>"; };
		9EE7248E2B8DB2470067332A /* Ratings.swift */ = {isa = PBXFileReference; lastKnownFileType = sourcecode.swift; path = Ratings.swift; sourceTree = "<group>"; };
		9EFC33962B8E22EE0014FD22 /* DestinationSearchView.swift */ = {isa = PBXFileReference; lastKnownFileType = sourcecode.swift; path = DestinationSearchView.swift; sourceTree = "<group>"; };
/* End PBXFileReference section */

/* Begin PBXFrameworksBuildPhase section */
		9E2A17D62B8C85AA00BE20CE /* Frameworks */ = {
			isa = PBXFrameworksBuildPhase;
			buildActionMask = 2147483647;
			files = (
				9E137AAC2B961A3300964922 /* FirebaseDatabase in Frameworks */,
				9E137ABA2B961A3300964922 /* FirebaseFunctionsCombine-Community in Frameworks */,
				9E137AB22B961A3300964922 /* FirebaseFirestore in Frameworks */,
				9E137A9E2B961A3300964922 /* FirebaseAnalyticsSwift in Frameworks */,
				9E137A9A2B961A3300964922 /* FirebaseAnalytics in Frameworks */,
				9E137A9C2B961A3300964922 /* FirebaseAnalyticsOnDeviceConversion in Frameworks */,
				9E137AC22B961A3400964922 /* FirebaseMLModelDownloader in Frameworks */,
				9E137AB62B961A3300964922 /* FirebaseFirestoreSwift in Frameworks */,
				9E137AA22B961A3300964922 /* FirebaseAppCheck in Frameworks */,
				9E137AA02B961A3300964922 /* FirebaseAnalyticsWithoutAdIdSupport in Frameworks */,
				9E137AA62B961A3300964922 /* FirebaseAuth in Frameworks */,
				9E137AAA2B961A3300964922 /* FirebaseCrashlytics in Frameworks */,
				9E137ACA2B961A3400964922 /* FirebaseRemoteConfigSwift in Frameworks */,
				9E137ABC2B961A3400964922 /* FirebaseInAppMessaging-Beta in Frameworks */,
				9E137AAE2B961A3300964922 /* FirebaseDatabaseSwift in Frameworks */,
				9E137AB82B961A3300964922 /* FirebaseFunctions in Frameworks */,
				9E137ACE2B961A3400964922 /* FirebaseStorageCombine-Community in Frameworks */,
				9E137AC82B961A3400964922 /* FirebaseRemoteConfig in Frameworks */,
				9E137AA42B961A3300964922 /* FirebaseAppDistribution-Beta in Frameworks */,
				9E137AA82B961A3300964922 /* FirebaseAuthCombine-Community in Frameworks */,
				9E137AC62B961A3400964922 /* FirebasePerformance in Frameworks */,
				9E137ABE2B961A3400964922 /* FirebaseInAppMessagingSwift-Beta in Frameworks */,
				9E137ACC2B961A3400964922 /* FirebaseStorage in Frameworks */,
				9E137AB02B961A3300964922 /* FirebaseDynamicLinks in Frameworks */,
				9E137AB42B961A3300964922 /* FirebaseFirestoreCombine-Community in Frameworks */,
				9E137AC42B961A3400964922 /* FirebaseMessaging in Frameworks */,
				9E137AC02B961A3400964922 /* FirebaseInstallations in Frameworks */,
			);
			runOnlyForDeploymentPostprocessing = 0;
		};
/* End PBXFrameworksBuildPhase section */

/* Begin PBXGroup section */
		9E038AB62B90453B0056F615 /* ViewModel */ = {
			isa = PBXGroup;
			children = (
				9ED0BCF52B8CFE1900ABFEB1 /* ExploreView.swift */,
				9EE724872B8DA3AE0067332A /* SearchAndFilterBar.swift */,
				9EFC33962B8E22EE0014FD22 /* DestinationSearchView.swift */,
			);
			path = ViewModel;
			sourceTree = "<group>";
		};
		9E038AB72B90453F0056F615 /* View */ = {
			isa = PBXGroup;
			children = (
				9E038ABB2B9046490056F615 /* ExploreService.swift */,
				9E038AB92B9045C40056F615 /* ExploreViewModel.swift */,
			);
			path = View;
			sourceTree = "<group>";
		};
		9E038AB82B9045420056F615 /* Service */ = {
			isa = PBXGroup;
			children = (
			);
			path = Service;
			sourceTree = "<group>";
		};
		9E137ACF2B961AD900964922 /* Views */ = {
			isa = PBXGroup;
			children = (
				9E1FDD292B925107002E437E /* LoginView.swift */,
				9E2EA5EC2B92F6C5005F9D40 /* SignUp.swift */,
			);
			path = Views;
			sourceTree = "<group>";
		};
		9E137AD02B961AE100964922 /* ViewModels */ = {
			isa = PBXGroup;
			children = (
				9E137AD12B961B5F00964922 /* AuthViewModel.swift */,
			);
			path = ViewModels;
			sourceTree = "<group>";
		};
		9E1FDD262B92509A002E437E /* Auth */ = {
			isa = PBXGroup;
			children = (
				9E137ACF2B961AD900964922 /* Views */,
				9E137AD02B961AE100964922 /* ViewModels */,
			);
			path = Auth;
			sourceTree = "<group>";
		};
		9E2A17D02B8C85AA00BE20CE = {
			isa = PBXGroup;
			children = (
				9E2A17DB2B8C85AA00BE20CE /* Airbnb */,
				9E2A17DA2B8C85AA00BE20CE /* Products */,
			);
			sourceTree = "<group>";
		};
		9E2A17DA2B8C85AA00BE20CE /* Products */ = {
			isa = PBXGroup;
			children = (
				9E2A17D92B8C85AA00BE20CE /* Airbnb.app */,
			);
			name = Products;
			sourceTree = "<group>";
		};
		9E2A17DB2B8C85AA00BE20CE /* Airbnb */ = {
			isa = PBXGroup;
			children = (
				9E2A17ED2B8C864500BE20CE /* App */,
				9E2A17EA2B8C85FD00BE20CE /* Core */,
				9E2A17EF2B8C86EF00BE20CE /* Extensions */,
				9E2A17EE2B8C86EF00BE20CE /* Models */,
				9E2A17DE2B8C85AA00BE20CE /* ContentView.swift */,
				9E2A17E02B8C85AD00BE20CE /* Assets.xcassets */,
				9E137A962B960D3800964922 /* GoogleService-Info.plist */,
				9E2A17E22B8C85AD00BE20CE /* Preview Content */,
			);
			path = Airbnb;
			sourceTree = "<group>";
		};
		9E2A17E22B8C85AD00BE20CE /* Preview Content */ = {
			isa = PBXGroup;
			children = (
				9E2A17E32B8C85AD00BE20CE /* Preview Assets.xcassets */,
			);
			path = "Preview Content";
			sourceTree = "<group>";
		};
		9E2A17EA2B8C85FD00BE20CE /* Core */ = {
			isa = PBXGroup;
			children = (
				9E1FDD262B92509A002E437E /* Auth */,
				9EE7248B2B8DAE800067332A /* Components */,
				9E2A17FA2B8C87D500BE20CE /* Explore */,
				9E2A17F92B8C87D300BE20CE /* Listings */,
				9E2A17F82B8C87A600BE20CE /* MapView */,
				9E2A17F72B8C87A100BE20CE /* Profile */,
				9E2A17F62B8C879E00BE20CE /* Root */,
				9E2A17F52B8C879B00BE20CE /* TabBar */,
				9E2A17F12B8C878B00BE20CE /* Wishlists */,
			);
			path = Core;
			sourceTree = "<group>";
		};
		9E2A17ED2B8C864500BE20CE /* App */ = {
			isa = PBXGroup;
			children = (
				9E2A17DC2B8C85AA00BE20CE /* AirbnbApp.swift */,
			);
			path = App;
			sourceTree = "<group>";
		};
		9E2A17EE2B8C86EF00BE20CE /* Models */ = {
			isa = PBXGroup;
			children = (
				9E137A942B96045D00964922 /* UserModel.swift */,
			);
			path = Models;
			sourceTree = "<group>";
		};
		9E2A17EF2B8C86EF00BE20CE /* Extensions */ = {
			isa = PBXGroup;
			children = (
				9E29585F2B8FD6BD00F0CA05 /* DeveloperPreview.swift */,
				9E038ABD2B906EA90056F615 /* Regions.swift */,
			);
			name = Extensions;
			path = "New Group/Extensions";
			sourceTree = "<group>";
		};
		9E2A17F02B8C871700BE20CE /* Utils */ = {
			isa = PBXGroup;
			children = (
			);
			path = Utils;
			sourceTree = "<group>";
		};
		9E2A17F12B8C878B00BE20CE /* Wishlists */ = {
			isa = PBXGroup;
			children = (
				9EA2DC0D2B8F8AD40081949C /* WishlistView.swift */,
			);
			path = Wishlists;
			sourceTree = "<group>";
		};
		9E2A17F52B8C879B00BE20CE /* TabBar */ = {
			isa = PBXGroup;
			children = (
				9EA2DC132B8F8E100081949C /* MainTabView.swift */,
			);
			path = TabBar;
			sourceTree = "<group>";
		};
		9E2A17F62B8C879E00BE20CE /* Root */ = {
			isa = PBXGroup;
			children = (
				9E2A17F02B8C871700BE20CE /* Utils */,
			);
			path = Root;
			sourceTree = "<group>";
		};
		9E2A17F72B8C87A100BE20CE /* Profile */ = {
			isa = PBXGroup;
			children = (
				9EA2DC092B8F71DD0081949C /* ProfileView.swift */,
				9EA2DC0B2B8F88860081949C /* ProfileOptionRowView.swift */,
			);
			path = Profile;
			sourceTree = "<group>";
		};
		9E2A17F82B8C87A600BE20CE /* MapView */ = {
			isa = PBXGroup;
			children = (
			);
			path = MapView;
			sourceTree = "<group>";
		};
		9E2A17F92B8C87D300BE20CE /* Listings */ = {
			isa = PBXGroup;
			children = (
				9EA2DC162B8F92600081949C /* View */,
				9EA2DC152B8F92520081949C /* Model */,
			);
			path = Listings;
			sourceTree = "<group>";
		};
		9E2A17FA2B8C87D500BE20CE /* Explore */ = {
			isa = PBXGroup;
			children = (
				9E038AB82B9045420056F615 /* Service */,
				9E038AB72B90453F0056F615 /* View */,
				9E038AB62B90453B0056F615 /* ViewModel */,
			);
			path = Explore;
			sourceTree = "<group>";
		};
		9EA2DC152B8F92520081949C /* Model */ = {
			isa = PBXGroup;
			children = (
				9EA2DC172B8F92990081949C /* Listing.swift */,
			);
			path = Model;
			sourceTree = "<group>";
		};
		9EA2DC162B8F92600081949C /* View */ = {
			isa = PBXGroup;
			children = (
				9ED0BCF72B8D14BD00ABFEB1 /* ListingItemView.swift */,
				9EE724892B8DADE30067332A /* ListingDetailView.swift */,
			);
			path = View;
			sourceTree = "<group>";
		};
		9EE7248B2B8DAE800067332A /* Components */ = {
			isa = PBXGroup;
			children = (
				9EE7248C2B8DAEB70067332A /* ListingImageCarouselView.swift */,
				9EE7248E2B8DB2470067332A /* Ratings.swift */,
				9E1FDD2B2B92530A002E437E /* InputView.swift */,
				9E137A922B95FEA100964922 /* SettingsRowView.swift */,
			);
			path = Components;
			sourceTree = "<group>";
		};
/* End PBXGroup section */

/* Begin PBXNativeTarget section */
		9E2A17D82B8C85AA00BE20CE /* Airbnb */ = {
			isa = PBXNativeTarget;
			buildConfigurationList = 9E2A17E72B8C85AD00BE20CE /* Build configuration list for PBXNativeTarget "Airbnb" */;
			buildPhases = (
				9E2A17D52B8C85AA00BE20CE /* Sources */,
				9E2A17D62B8C85AA00BE20CE /* Frameworks */,
				9E2A17D72B8C85AA00BE20CE /* Resources */,
			);
			buildRules = (
			);
			dependencies = (
			);
			name = Airbnb;
			packageProductDependencies = (
				9E137A992B961A3300964922 /* FirebaseAnalytics */,
				9E137A9B2B961A3300964922 /* FirebaseAnalyticsOnDeviceConversion */,
				9E137A9D2B961A3300964922 /* FirebaseAnalyticsSwift */,
				9E137A9F2B961A3300964922 /* FirebaseAnalyticsWithoutAdIdSupport */,
				9E137AA12B961A3300964922 /* FirebaseAppCheck */,
				9E137AA32B961A3300964922 /* FirebaseAppDistribution-Beta */,
				9E137AA52B961A3300964922 /* FirebaseAuth */,
				9E137AA72B961A3300964922 /* FirebaseAuthCombine-Community */,
				9E137AA92B961A3300964922 /* FirebaseCrashlytics */,
				9E137AAB2B961A3300964922 /* FirebaseDatabase */,
				9E137AAD2B961A3300964922 /* FirebaseDatabaseSwift */,
				9E137AAF2B961A3300964922 /* FirebaseDynamicLinks */,
				9E137AB12B961A3300964922 /* FirebaseFirestore */,
				9E137AB32B961A3300964922 /* FirebaseFirestoreCombine-Community */,
				9E137AB52B961A3300964922 /* FirebaseFirestoreSwift */,
				9E137AB72B961A3300964922 /* FirebaseFunctions */,
				9E137AB92B961A3300964922 /* FirebaseFunctionsCombine-Community */,
				9E137ABB2B961A3300964922 /* FirebaseInAppMessaging-Beta */,
				9E137ABD2B961A3400964922 /* FirebaseInAppMessagingSwift-Beta */,
				9E137ABF2B961A3400964922 /* FirebaseInstallations */,
				9E137AC12B961A3400964922 /* FirebaseMLModelDownloader */,
				9E137AC32B961A3400964922 /* FirebaseMessaging */,
				9E137AC52B961A3400964922 /* FirebasePerformance */,
				9E137AC72B961A3400964922 /* FirebaseRemoteConfig */,
				9E137AC92B961A3400964922 /* FirebaseRemoteConfigSwift */,
				9E137ACB2B961A3400964922 /* FirebaseStorage */,
				9E137ACD2B961A3400964922 /* FirebaseStorageCombine-Community */,
			);
			productName = Airbnb;
			productReference = 9E2A17D92B8C85AA00BE20CE /* Airbnb.app */;
			productType = "com.apple.product-type.application";
		};
/* End PBXNativeTarget section */

/* Begin PBXProject section */
		9E2A17D12B8C85AA00BE20CE /* Project object */ = {
			isa = PBXProject;
			attributes = {
				BuildIndependentTargetsInParallel = 1;
				LastSwiftUpdateCheck = 1520;
				LastUpgradeCheck = 1520;
				TargetAttributes = {
					9E2A17D82B8C85AA00BE20CE = {
						CreatedOnToolsVersion = 15.2;
					};
				};
			};
			buildConfigurationList = 9E2A17D42B8C85AA00BE20CE /* Build configuration list for PBXProject "Airbnb" */;
			compatibilityVersion = "Xcode 14.0";
			developmentRegion = en;
			hasScannedForEncodings = 0;
			knownRegions = (
				en,
				Base,
			);
			mainGroup = 9E2A17D02B8C85AA00BE20CE;
			packageReferences = (
				9E137A982B961A3300964922 /* XCRemoteSwiftPackageReference "firebase-ios-sdk" */,
			);
			productRefGroup = 9E2A17DA2B8C85AA00BE20CE /* Products */;
			projectDirPath = "";
			projectRoot = "";
			targets = (
				9E2A17D82B8C85AA00BE20CE /* Airbnb */,
			);
		};
/* End PBXProject section */

/* Begin PBXResourcesBuildPhase section */
		9E2A17D72B8C85AA00BE20CE /* Resources */ = {
			isa = PBXResourcesBuildPhase;
			buildActionMask = 2147483647;
			files = (
				9E2A17E42B8C85AD00BE20CE /* Preview Assets.xcassets in Resources */,
				9E2A17E12B8C85AD00BE20CE /* Assets.xcassets in Resources */,
				9E137A972B960D3800964922 /* GoogleService-Info.plist in Resources */,
			);
			runOnlyForDeploymentPostprocessing = 0;
		};
/* End PBXResourcesBuildPhase section */

/* Begin PBXSourcesBuildPhase section */
		9E2A17D52B8C85AA00BE20CE /* Sources */ = {
			isa = PBXSourcesBuildPhase;
			buildActionMask = 2147483647;
			files = (
				9EE7248F2B8DB2470067332A /* Ratings.swift in Sources */,
				9EA2DC0C2B8F88860081949C /* ProfileOptionRowView.swift in Sources */,
				9EE7248D2B8DAEB70067332A /* ListingImageCarouselView.swift in Sources */,
				9E038ABC2B9046490056F615 /* ExploreService.swift in Sources */,
				9EA2DC0A2B8F71DD0081949C /* ProfileView.swift in Sources */,
				9E2A17DF2B8C85AA00BE20CE /* ContentView.swift in Sources */,
				9E2958602B8FD6BD00F0CA05 /* DeveloperPreview.swift in Sources */,
				9E2EA5ED2B92F6C5005F9D40 /* SignUp.swift in Sources */,
				9E137A952B96045D00964922 /* UserModel.swift in Sources */,
				9ED0BCF82B8D14BD00ABFEB1 /* ListingItemView.swift in Sources */,
				9ED0BCF62B8CFE1900ABFEB1 /* ExploreView.swift in Sources */,
				9EA2DC142B8F8E100081949C /* MainTabView.swift in Sources */,
				9EA2DC182B8F92990081949C /* Listing.swift in Sources */,
				9EA2DC0E2B8F8AD40081949C /* WishlistView.swift in Sources */,
				9EFC33972B8E22EE0014FD22 /* DestinationSearchView.swift in Sources */,
				9E038ABE2B906EA90056F615 /* Regions.swift in Sources */,
				9E038ABA2B9045C40056F615 /* ExploreViewModel.swift in Sources */,
				9EE724882B8DA3AE0067332A /* SearchAndFilterBar.swift in Sources */,
				9E1FDD2A2B925107002E437E /* LoginView.swift in Sources */,
				9E137A932B95FEA100964922 /* SettingsRowView.swift in Sources */,
				9E137AD22B961B5F00964922 /* AuthViewModel.swift in Sources */,
				9E1FDD2C2B92530A002E437E /* InputView.swift in Sources */,
				9EE7248A2B8DADE30067332A /* ListingDetailView.swift in Sources */,
				9E2A17DD2B8C85AA00BE20CE /* AirbnbApp.swift in Sources */,
			);
			runOnlyForDeploymentPostprocessing = 0;
		};
/* End PBXSourcesBuildPhase section */

/* Begin XCBuildConfiguration section */
		9E2A17E52B8C85AD00BE20CE /* Debug */ = {
			isa = XCBuildConfiguration;
			buildSettings = {
				ALWAYS_SEARCH_USER_PATHS = NO;
				ASSETCATALOG_COMPILER_GENERATE_SWIFT_ASSET_SYMBOL_EXTENSIONS = YES;
				CLANG_ANALYZER_NONNULL = YES;
				CLANG_ANALYZER_NUMBER_OBJECT_CONVERSION = YES_AGGRESSIVE;
				CLANG_CXX_LANGUAGE_STANDARD = "gnu++20";
				CLANG_ENABLE_MODULES = YES;
				CLANG_ENABLE_OBJC_ARC = YES;
				CLANG_ENABLE_OBJC_WEAK = YES;
				CLANG_WARN_BLOCK_CAPTURE_AUTORELEASING = YES;
				CLANG_WARN_BOOL_CONVERSION = YES;
				CLANG_WARN_COMMA = YES;
				CLANG_WARN_CONSTANT_CONVERSION = YES;
				CLANG_WARN_DEPRECATED_OBJC_IMPLEMENTATIONS = YES;
				CLANG_WARN_DIRECT_OBJC_ISA_USAGE = YES_ERROR;
				CLANG_WARN_DOCUMENTATION_COMMENTS = YES;
				CLANG_WARN_EMPTY_BODY = YES;
				CLANG_WARN_ENUM_CONVERSION = YES;
				CLANG_WARN_INFINITE_RECURSION = YES;
				CLANG_WARN_INT_CONVERSION = YES;
				CLANG_WARN_NON_LITERAL_NULL_CONVERSION = YES;
				CLANG_WARN_OBJC_IMPLICIT_RETAIN_SELF = YES;
				CLANG_WARN_OBJC_LITERAL_CONVERSION = YES;
				CLANG_WARN_OBJC_ROOT_CLASS = YES_ERROR;
				CLANG_WARN_QUOTED_INCLUDE_IN_FRAMEWORK_HEADER = YES;
				CLANG_WARN_RANGE_LOOP_ANALYSIS = YES;
				CLANG_WARN_STRICT_PROTOTYPES = YES;
				CLANG_WARN_SUSPICIOUS_MOVE = YES;
				CLANG_WARN_UNGUARDED_AVAILABILITY = YES_AGGRESSIVE;
				CLANG_WARN_UNREACHABLE_CODE = YES;
				CLANG_WARN__DUPLICATE_METHOD_MATCH = YES;
				COPY_PHASE_STRIP = NO;
				DEBUG_INFORMATION_FORMAT = dwarf;
				ENABLE_STRICT_OBJC_MSGSEND = YES;
				ENABLE_TESTABILITY = YES;
				ENABLE_USER_SCRIPT_SANDBOXING = YES;
				GCC_C_LANGUAGE_STANDARD = gnu17;
				GCC_DYNAMIC_NO_PIC = NO;
				GCC_NO_COMMON_BLOCKS = YES;
				GCC_OPTIMIZATION_LEVEL = 0;
				GCC_PREPROCESSOR_DEFINITIONS = (
					"DEBUG=1",
					"$(inherited)",
				);
				GCC_WARN_64_TO_32_BIT_CONVERSION = YES;
				GCC_WARN_ABOUT_RETURN_TYPE = YES_ERROR;
				GCC_WARN_UNDECLARED_SELECTOR = YES;
				GCC_WARN_UNINITIALIZED_AUTOS = YES_AGGRESSIVE;
				GCC_WARN_UNUSED_FUNCTION = YES;
				GCC_WARN_UNUSED_VARIABLE = YES;
				IPHONEOS_DEPLOYMENT_TARGET = 17.2;
				LOCALIZATION_PREFERS_STRING_CATALOGS = YES;
				MTL_ENABLE_DEBUG_INFO = INCLUDE_SOURCE;
				MTL_FAST_MATH = YES;
				ONLY_ACTIVE_ARCH = YES;
				SDKROOT = iphoneos;
				SWIFT_ACTIVE_COMPILATION_CONDITIONS = "DEBUG $(inherited)";
				SWIFT_OPTIMIZATION_LEVEL = "-Onone";
			};
			name = Debug;
		};
		9E2A17E62B8C85AD00BE20CE /* Release */ = {
			isa = XCBuildConfiguration;
			buildSettings = {
				ALWAYS_SEARCH_USER_PATHS = NO;
				ASSETCATALOG_COMPILER_GENERATE_SWIFT_ASSET_SYMBOL_EXTENSIONS = YES;
				CLANG_ANALYZER_NONNULL = YES;
				CLANG_ANALYZER_NUMBER_OBJECT_CONVERSION = YES_AGGRESSIVE;
				CLANG_CXX_LANGUAGE_STANDARD = "gnu++20";
				CLANG_ENABLE_MODULES = YES;
				CLANG_ENABLE_OBJC_ARC = YES;
				CLANG_ENABLE_OBJC_WEAK = YES;
				CLANG_WARN_BLOCK_CAPTURE_AUTORELEASING = YES;
				CLANG_WARN_BOOL_CONVERSION = YES;
				CLANG_WARN_COMMA = YES;
				CLANG_WARN_CONSTANT_CONVERSION = YES;
				CLANG_WARN_DEPRECATED_OBJC_IMPLEMENTATIONS = YES;
				CLANG_WARN_DIRECT_OBJC_ISA_USAGE = YES_ERROR;
				CLANG_WARN_DOCUMENTATION_COMMENTS = YES;
				CLANG_WARN_EMPTY_BODY = YES;
				CLANG_WARN_ENUM_CONVERSION = YES;
				CLANG_WARN_INFINITE_RECURSION = YES;
				CLANG_WARN_INT_CONVERSION = YES;
				CLANG_WARN_NON_LITERAL_NULL_CONVERSION = YES;
				CLANG_WARN_OBJC_IMPLICIT_RETAIN_SELF = YES;
				CLANG_WARN_OBJC_LITERAL_CONVERSION = YES;
				CLANG_WARN_OBJC_ROOT_CLASS = YES_ERROR;
				CLANG_WARN_QUOTED_INCLUDE_IN_FRAMEWORK_HEADER = YES;
				CLANG_WARN_RANGE_LOOP_ANALYSIS = YES;
				CLANG_WARN_STRICT_PROTOTYPES = YES;
				CLANG_WARN_SUSPICIOUS_MOVE = YES;
				CLANG_WARN_UNGUARDED_AVAILABILITY = YES_AGGRESSIVE;
				CLANG_WARN_UNREACHABLE_CODE = YES;
				CLANG_WARN__DUPLICATE_METHOD_MATCH = YES;
				COPY_PHASE_STRIP = NO;
				DEBUG_INFORMATION_FORMAT = "dwarf-with-dsym";
				ENABLE_NS_ASSERTIONS = NO;
				ENABLE_STRICT_OBJC_MSGSEND = YES;
				ENABLE_USER_SCRIPT_SANDBOXING = YES;
				GCC_C_LANGUAGE_STANDARD = gnu17;
				GCC_NO_COMMON_BLOCKS = YES;
				GCC_WARN_64_TO_32_BIT_CONVERSION = YES;
				GCC_WARN_ABOUT_RETURN_TYPE = YES_ERROR;
				GCC_WARN_UNDECLARED_SELECTOR = YES;
				GCC_WARN_UNINITIALIZED_AUTOS = YES_AGGRESSIVE;
				GCC_WARN_UNUSED_FUNCTION = YES;
				GCC_WARN_UNUSED_VARIABLE = YES;
				IPHONEOS_DEPLOYMENT_TARGET = 17.2;
				LOCALIZATION_PREFERS_STRING_CATALOGS = YES;
				MTL_ENABLE_DEBUG_INFO = NO;
				MTL_FAST_MATH = YES;
				SDKROOT = iphoneos;
				SWIFT_COMPILATION_MODE = wholemodule;
				VALIDATE_PRODUCT = YES;
			};
			name = Release;
		};
		9E2A17E82B8C85AD00BE20CE /* Debug */ = {
			isa = XCBuildConfiguration;
			buildSettings = {
				ASSETCATALOG_COMPILER_APPICON_NAME = AppIcon;
				ASSETCATALOG_COMPILER_GLOBAL_ACCENT_COLOR_NAME = AccentColor;
				CODE_SIGN_STYLE = Automatic;
				CURRENT_PROJECT_VERSION = 1;
				DEVELOPMENT_ASSET_PATHS = "\"Airbnb/Preview Content\"";
				ENABLE_PREVIEWS = YES;
				GENERATE_INFOPLIST_FILE = YES;
				INFOPLIST_KEY_UIApplicationSceneManifest_Generation = YES;
				INFOPLIST_KEY_UIApplicationSupportsIndirectInputEvents = YES;
				INFOPLIST_KEY_UILaunchScreen_Generation = YES;
				INFOPLIST_KEY_UISupportedInterfaceOrientations_iPad = "UIInterfaceOrientationPortrait UIInterfaceOrientationPortraitUpsideDown UIInterfaceOrientationLandscapeLeft UIInterfaceOrientationLandscapeRight";
				INFOPLIST_KEY_UISupportedInterfaceOrientations_iPhone = "UIInterfaceOrientationPortrait UIInterfaceOrientationLandscapeLeft UIInterfaceOrientationLandscapeRight";
				LD_RUNPATH_SEARCH_PATHS = (
					"$(inherited)",
					"@executable_path/Frameworks",
				);
				MARKETING_VERSION = 1.0;
				PRODUCT_BUNDLE_IDENTIFIER = personal.zafar.Airbnb;
				PRODUCT_NAME = "$(TARGET_NAME)";
				SWIFT_EMIT_LOC_STRINGS = YES;
				SWIFT_VERSION = 5.0;
				TARGETED_DEVICE_FAMILY = "1,2";
			};
			name = Debug;
		};
		9E2A17E92B8C85AD00BE20CE /* Release */ = {
			isa = XCBuildConfiguration;
			buildSettings = {
				ASSETCATALOG_COMPILER_APPICON_NAME = AppIcon;
				ASSETCATALOG_COMPILER_GLOBAL_ACCENT_COLOR_NAME = AccentColor;
				CODE_SIGN_STYLE = Automatic;
				CURRENT_PROJECT_VERSION = 1;
				DEVELOPMENT_ASSET_PATHS = "\"Airbnb/Preview Content\"";
				ENABLE_PREVIEWS = YES;
				GENERATE_INFOPLIST_FILE = YES;
				INFOPLIST_KEY_UIApplicationSceneManifest_Generation = YES;
				INFOPLIST_KEY_UIApplicationSupportsIndirectInputEvents = YES;
				INFOPLIST_KEY_UILaunchScreen_Generation = YES;
				INFOPLIST_KEY_UISupportedInterfaceOrientations_iPad = "UIInterfaceOrientationPortrait UIInterfaceOrientationPortraitUpsideDown UIInterfaceOrientationLandscapeLeft UIInterfaceOrientationLandscapeRight";
				INFOPLIST_KEY_UISupportedInterfaceOrientations_iPhone = "UIInterfaceOrientationPortrait UIInterfaceOrientationLandscapeLeft UIInterfaceOrientationLandscapeRight";
				LD_RUNPATH_SEARCH_PATHS = (
					"$(inherited)",
					"@executable_path/Frameworks",
				);
				MARKETING_VERSION = 1.0;
				PRODUCT_BUNDLE_IDENTIFIER = personal.zafar.Airbnb;
				PRODUCT_NAME = "$(TARGET_NAME)";
				SWIFT_EMIT_LOC_STRINGS = YES;
				SWIFT_VERSION = 5.0;
				TARGETED_DEVICE_FAMILY = "1,2";
			};
			name = Release;
		};
/* End XCBuildConfiguration section */

/* Begin XCConfigurationList section */
		9E2A17D42B8C85AA00BE20CE /* Build configuration list for PBXProject "Airbnb" */ = {
			isa = XCConfigurationList;
			buildConfigurations = (
				9E2A17E52B8C85AD00BE20CE /* Debug */,
				9E2A17E62B8C85AD00BE20CE /* Release */,
			);
			defaultConfigurationIsVisible = 0;
			defaultConfigurationName = Release;
		};
		9E2A17E72B8C85AD00BE20CE /* Build configuration list for PBXNativeTarget "Airbnb" */ = {
			isa = XCConfigurationList;
			buildConfigurations = (
				9E2A17E82B8C85AD00BE20CE /* Debug */,
				9E2A17E92B8C85AD00BE20CE /* Release */,
			);
			defaultConfigurationIsVisible = 0;
			defaultConfigurationName = Release;
		};
/* End XCConfigurationList section */

/* Begin XCRemoteSwiftPackageReference section */
		9E137A982B961A3300964922 /* XCRemoteSwiftPackageReference "firebase-ios-sdk" */ = {
			isa = XCRemoteSwiftPackageReference;
			repositoryURL = "https://github.com/firebase/firebase-ios-sdk";
			requirement = {
				kind = upToNextMajorVersion;
				minimumVersion = 10.21.0;
			};
		};
/* End XCRemoteSwiftPackageReference section */

/* Begin XCSwiftPackageProductDependency section */
		9E137A992B961A3300964922 /* FirebaseAnalytics */ = {
			isa = XCSwiftPackageProductDependency;
			package = 9E137A982B961A3300964922 /* XCRemoteSwiftPackageReference "firebase-ios-sdk" */;
			productName = FirebaseAnalytics;
		};
		9E137A9B2B961A3300964922 /* FirebaseAnalyticsOnDeviceConversion */ = {
			isa = XCSwiftPackageProductDependency;
			package = 9E137A982B961A3300964922 /* XCRemoteSwiftPackageReference "firebase-ios-sdk" */;
			productName = FirebaseAnalyticsOnDeviceConversion;
		};
		9E137A9D2B961A3300964922 /* FirebaseAnalyticsSwift */ = {
			isa = XCSwiftPackageProductDependency;
			package = 9E137A982B961A3300964922 /* XCRemoteSwiftPackageReference "firebase-ios-sdk" */;
			productName = FirebaseAnalyticsSwift;
		};
		9E137A9F2B961A3300964922 /* FirebaseAnalyticsWithoutAdIdSupport */ = {
			isa = XCSwiftPackageProductDependency;
			package = 9E137A982B961A3300964922 /* XCRemoteSwiftPackageReference "firebase-ios-sdk" */;
			productName = FirebaseAnalyticsWithoutAdIdSupport;
		};
		9E137AA12B961A3300964922 /* FirebaseAppCheck */ = {
			isa = XCSwiftPackageProductDependency;
			package = 9E137A982B961A3300964922 /* XCRemoteSwiftPackageReference "firebase-ios-sdk" */;
			productName = FirebaseAppCheck;
		};
		9E137AA32B961A3300964922 /* FirebaseAppDistribution-Beta */ = {
			isa = XCSwiftPackageProductDependency;
			package = 9E137A982B961A3300964922 /* XCRemoteSwiftPackageReference "firebase-ios-sdk" */;
			productName = "FirebaseAppDistribution-Beta";
		};
		9E137AA52B961A3300964922 /* FirebaseAuth */ = {
			isa = XCSwiftPackageProductDependency;
			package = 9E137A982B961A3300964922 /* XCRemoteSwiftPackageReference "firebase-ios-sdk" */;
			productName = FirebaseAuth;
		};
		9E137AA72B961A3300964922 /* FirebaseAuthCombine-Community */ = {
			isa = XCSwiftPackageProductDependency;
			package = 9E137A982B961A3300964922 /* XCRemoteSwiftPackageReference "firebase-ios-sdk" */;
			productName = "FirebaseAuthCombine-Community";
		};
		9E137AA92B961A3300964922 /* FirebaseCrashlytics */ = {
			isa = XCSwiftPackageProductDependency;
			package = 9E137A982B961A3300964922 /* XCRemoteSwiftPackageReference "firebase-ios-sdk" */;
			productName = FirebaseCrashlytics;
		};
		9E137AAB2B961A3300964922 /* FirebaseDatabase */ = {
			isa = XCSwiftPackageProductDependency;
			package = 9E137A982B961A3300964922 /* XCRemoteSwiftPackageReference "firebase-ios-sdk" */;
			productName = FirebaseDatabase;
		};
		9E137AAD2B961A3300964922 /* FirebaseDatabaseSwift */ = {
			isa = XCSwiftPackageProductDependency;
			package = 9E137A982B961A3300964922 /* XCRemoteSwiftPackageReference "firebase-ios-sdk" */;
			productName = FirebaseDatabaseSwift;
		};
		9E137AAF2B961A3300964922 /* FirebaseDynamicLinks */ = {
			isa = XCSwiftPackageProductDependency;
			package = 9E137A982B961A3300964922 /* XCRemoteSwiftPackageReference "firebase-ios-sdk" */;
			productName = FirebaseDynamicLinks;
		};
		9E137AB12B961A3300964922 /* FirebaseFirestore */ = {
			isa = XCSwiftPackageProductDependency;
			package = 9E137A982B961A3300964922 /* XCRemoteSwiftPackageReference "firebase-ios-sdk" */;
			productName = FirebaseFirestore;
		};
		9E137AB32B961A3300964922 /* FirebaseFirestoreCombine-Community */ = {
			isa = XCSwiftPackageProductDependency;
			package = 9E137A982B961A3300964922 /* XCRemoteSwiftPackageReference "firebase-ios-sdk" */;
			productName = "FirebaseFirestoreCombine-Community";
		};
		9E137AB52B961A3300964922 /* FirebaseFirestoreSwift */ = {
			isa = XCSwiftPackageProductDependency;
			package = 9E137A982B961A3300964922 /* XCRemoteSwiftPackageReference "firebase-ios-sdk" */;
			productName = FirebaseFirestoreSwift;
		};
		9E137AB72B961A3300964922 /* FirebaseFunctions */ = {
			isa = XCSwiftPackageProductDependency;
			package = 9E137A982B961A3300964922 /* XCRemoteSwiftPackageReference "firebase-ios-sdk" */;
			productName = FirebaseFunctions;
		};
		9E137AB92B961A3300964922 /* FirebaseFunctionsCombine-Community */ = {
			isa = XCSwiftPackageProductDependency;
			package = 9E137A982B961A3300964922 /* XCRemoteSwiftPackageReference "firebase-ios-sdk" */;
			productName = "FirebaseFunctionsCombine-Community";
		};
		9E137ABB2B961A3300964922 /* FirebaseInAppMessaging-Beta */ = {
			isa = XCSwiftPackageProductDependency;
			package = 9E137A982B961A3300964922 /* XCRemoteSwiftPackageReference "firebase-ios-sdk" */;
			productName = "FirebaseInAppMessaging-Beta";
		};
		9E137ABD2B961A3400964922 /* FirebaseInAppMessagingSwift-Beta */ = {
			isa = XCSwiftPackageProductDependency;
			package = 9E137A982B961A3300964922 /* XCRemoteSwiftPackageReference "firebase-ios-sdk" */;
			productName = "FirebaseInAppMessagingSwift-Beta";
		};
		9E137ABF2B961A3400964922 /* FirebaseInstallations */ = {
			isa = XCSwiftPackageProductDependency;
			package = 9E137A982B961A3300964922 /* XCRemoteSwiftPackageReference "firebase-ios-sdk" */;
			productName = FirebaseInstallations;
		};
		9E137AC12B961A3400964922 /* FirebaseMLModelDownloader */ = {
			isa = XCSwiftPackageProductDependency;
			package = 9E137A982B961A3300964922 /* XCRemoteSwiftPackageReference "firebase-ios-sdk" */;
			productName = FirebaseMLModelDownloader;
		};
		9E137AC32B961A3400964922 /* FirebaseMessaging */ = {
			isa = XCSwiftPackageProductDependency;
			package = 9E137A982B961A3300964922 /* XCRemoteSwiftPackageReference "firebase-ios-sdk" */;
			productName = FirebaseMessaging;
		};
		9E137AC52B961A3400964922 /* FirebasePerformance */ = {
			isa = XCSwiftPackageProductDependency;
			package = 9E137A982B961A3300964922 /* XCRemoteSwiftPackageReference "firebase-ios-sdk" */;
			productName = FirebasePerformance;
		};
		9E137AC72B961A3400964922 /* FirebaseRemoteConfig */ = {
			isa = XCSwiftPackageProductDependency;
			package = 9E137A982B961A3300964922 /* XCRemoteSwiftPackageReference "firebase-ios-sdk" */;
			productName = FirebaseRemoteConfig;
		};
		9E137AC92B961A3400964922 /* FirebaseRemoteConfigSwift */ = {
			isa = XCSwiftPackageProductDependency;
			package = 9E137A982B961A3300964922 /* XCRemoteSwiftPackageReference "firebase-ios-sdk" */;
			productName = FirebaseRemoteConfigSwift;
		};
		9E137ACB2B961A3400964922 /* FirebaseStorage */ = {
			isa = XCSwiftPackageProductDependency;
			package = 9E137A982B961A3300964922 /* XCRemoteSwiftPackageReference "firebase-ios-sdk" */;
			productName = FirebaseStorage;
		};
		9E137ACD2B961A3400964922 /* FirebaseStorageCombine-Community */ = {
			isa = XCSwiftPackageProductDependency;
			package = 9E137A982B961A3300964922 /* XCRemoteSwiftPackageReference "firebase-ios-sdk" */;
			productName = "FirebaseStorageCombine-Community";
		};
/* End XCSwiftPackageProductDependency section */
	};
	rootObject = 9E2A17D12B8C85AA00BE20CE /* Project object */;
}
