// !$*UTF8*$!
{
	archiveVersion = 1;
	classes = {
	};
	objectVersion = 56;
	objects = {

/* Begin PBXBuildFile section */
		9E2A17DD2B8C85AA00BE20CE /* AirbnbApp.swift in Sources */ = {isa = PBXBuildFile; fileRef = 9E2A17DC2B8C85AA00BE20CE /* AirbnbApp.swift */; };
		9E2A17DF2B8C85AA00BE20CE /* ContentView.swift in Sources */ = {isa = PBXBuildFile; fileRef = 9E2A17DE2B8C85AA00BE20CE /* ContentView.swift */; };
		9E2A17E12B8C85AD00BE20CE /* Assets.xcassets in Resources */ = {isa = PBXBuildFile; fileRef = 9E2A17E02B8C85AD00BE20CE /* Assets.xcassets */; };
		9E2A17E42B8C85AD00BE20CE /* Preview Assets.xcassets in Resources */ = {isa = PBXBuildFile; fileRef = 9E2A17E32B8C85AD00BE20CE /* Preview Assets.xcassets */; };
		9ED0BCF62B8CFE1900ABFEB1 /* ExploreView.swift in Sources */ = {isa = PBXBuildFile; fileRef = 9ED0BCF52B8CFE1900ABFEB1 /* ExploreView.swift */; };
		9ED0BCF82B8D14BD00ABFEB1 /* ListingItemView.swift in Sources */ = {isa = PBXBuildFile; fileRef = 9ED0BCF72B8D14BD00ABFEB1 /* ListingItemView.swift */; };
		9EE724882B8DA3AE0067332A /* SearchAndFilterBar.swift in Sources */ = {isa = PBXBuildFile; fileRef = 9EE724872B8DA3AE0067332A /* SearchAndFilterBar.swift */; };
		9EE7248A2B8DADE30067332A /* ListingDetailView.swift in Sources */ = {isa = PBXBuildFile; fileRef = 9EE724892B8DADE30067332A /* ListingDetailView.swift */; };
		9EE7248D2B8DAEB70067332A /* ListingImageCarouselView.swift in Sources */ = {isa = PBXBuildFile; fileRef = 9EE7248C2B8DAEB70067332A /* ListingImageCarouselView.swift */; };
		9EE7248F2B8DB2470067332A /* Ratings.swift in Sources */ = {isa = PBXBuildFile; fileRef = 9EE7248E2B8DB2470067332A /* Ratings.swift */; };
		9EFC33972B8E22EE0014FD22 /* DestinationSearchView.swift in Sources */ = {isa = PBXBuildFile; fileRef = 9EFC33962B8E22EE0014FD22 /* DestinationSearchView.swift */; };
/* End PBXBuildFile section */

/* Begin PBXFileReference section */
		9E2A17D92B8C85AA00BE20CE /* Airbnb.app */ = {isa = PBXFileReference; explicitFileType = wrapper.application; includeInIndex = 0; path = Airbnb.app; sourceTree = BUILT_PRODUCTS_DIR; };
		9E2A17DC2B8C85AA00BE20CE /* AirbnbApp.swift */ = {isa = PBXFileReference; lastKnownFileType = sourcecode.swift; path = AirbnbApp.swift; sourceTree = "<group>"; };
		9E2A17DE2B8C85AA00BE20CE /* ContentView.swift */ = {isa = PBXFileReference; lastKnownFileType = sourcecode.swift; path = ContentView.swift; sourceTree = "<group>"; };
		9E2A17E02B8C85AD00BE20CE /* Assets.xcassets */ = {isa = PBXFileReference; lastKnownFileType = folder.assetcatalog; path = Assets.xcassets; sourceTree = "<group>"; };
		9E2A17E32B8C85AD00BE20CE /* Preview Assets.xcassets */ = {isa = PBXFileReference; lastKnownFileType = folder.assetcatalog; path = "Preview Assets.xcassets"; sourceTree = "<group>"; };
		9ED0BCF52B8CFE1900ABFEB1 /* ExploreView.swift */ = {isa = PBXFileReference; lastKnownFileType = sourcecode.swift; path = ExploreView.swift; sourceTree = "<group>"; };
		9ED0BCF72B8D14BD00ABFEB1 /* ListingItemView.swift */ = {isa = PBXFileReference; lastKnownFileType = sourcecode.swift; path = ListingItemView.swift; sourceTree = "<group>"; };
		9EE724872B8DA3AE0067332A /* SearchAndFilterBar.swift */ = {isa = PBXFileReference; lastKnownFileType = sourcecode.swift; path = SearchAndFilterBar.swift; sourceTree = "<group>"; };
		9EE724892B8DADE30067332A /* ListingDetailView.swift */ = {isa = PBXFileReference; lastKnownFileType = sourcecode.swift; path = ListingDetailView.swift; sourceTree = "<group>"; };
		9EE7248C2B8DAEB70067332A /* ListingImageCarouselView.swift */ = {isa = PBXFileReference; lastKnownFileType = sourcecode.swift; path = ListingImageCarouselView.swift; sourceTree = "<group>"; };
		9EE7248E2B8DB2470067332A /* Ratings.swift */ = {isa = PBXFileReference; lastKnownFileType = sourcecode.swift; path = Ratings.swift; sourceTree = "<group>"; };
		9EFC33962B8E22EE0014FD22 /* DestinationSearchView.swift */ = {isa = PBXFileReference; lastKnownFileType = sourcecode.swift; path = DestinationSearchView.swift; sourceTree = "<group>"; };
/* End PBXFileReference section */

/* Begin PBXFrameworksBuildPhase section */
		9E2A17D62B8C85AA00BE20CE /* Frameworks */ = {
			isa = PBXFrameworksBuildPhase;
			buildActionMask = 2147483647;
			files = (
			);
			runOnlyForDeploymentPostprocessing = 0;
		};
/* End PBXFrameworksBuildPhase section */

/* Begin PBXGroup section */
		9E2A17D02B8C85AA00BE20CE = {
			isa = PBXGroup;
			children = (
				9E2A17DB2B8C85AA00BE20CE /* Airbnb */,
				9E2A17DA2B8C85AA00BE20CE /* Products */,
			);
			sourceTree = "<group>";
		};
		9E2A17DA2B8C85AA00BE20CE /* Products */ = {
			isa = PBXGroup;
			children = (
				9E2A17D92B8C85AA00BE20CE /* Airbnb.app */,
			);
			name = Products;
			sourceTree = "<group>";
		};
		9E2A17DB2B8C85AA00BE20CE /* Airbnb */ = {
			isa = PBXGroup;
			children = (
				9E2A17ED2B8C864500BE20CE /* App */,
				9E2A17EA2B8C85FD00BE20CE /* Core */,
				9E2A17EF2B8C86EF00BE20CE /* Extensions */,
				9E2A17EE2B8C86EF00BE20CE /* Models */,
				9E2A17F02B8C871700BE20CE /* Utils */,
				9E2A17DE2B8C85AA00BE20CE /* ContentView.swift */,
				9E2A17E02B8C85AD00BE20CE /* Assets.xcassets */,
				9E2A17E22B8C85AD00BE20CE /* Preview Content */,
			);
			path = Airbnb;
			sourceTree = "<group>";
		};
		9E2A17E22B8C85AD00BE20CE /* Preview Content */ = {
			isa = PBXGroup;
			children = (
				9E2A17E32B8C85AD00BE20CE /* Preview Assets.xcassets */,
			);
			path = "Preview Content";
			sourceTree = "<group>";
		};
		9E2A17EA2B8C85FD00BE20CE /* Core */ = {
			isa = PBXGroup;
			children = (
				9EE7248B2B8DAE800067332A /* Componenets */,
				9E2A17FA2B8C87D500BE20CE /* Explore */,
				9E2A17F92B8C87D300BE20CE /* Listings */,
				9E2A17F82B8C87A600BE20CE /* MapView */,
				9E2A17F72B8C87A100BE20CE /* Profile */,
				9E2A17F62B8C879E00BE20CE /* Root */,
				9E2A17F52B8C879B00BE20CE /* TabBar */,
				9E2A17F12B8C878B00BE20CE /* Wishlists */,
			);
			path = Core;
			sourceTree = "<group>";
		};
		9E2A17ED2B8C864500BE20CE /* App */ = {
			isa = PBXGroup;
			children = (
				9E2A17DC2B8C85AA00BE20CE /* AirbnbApp.swift */,
			);
			path = App;
			sourceTree = "<group>";
		};
		9E2A17EE2B8C86EF00BE20CE /* Models */ = {
			isa = PBXGroup;
			children = (
			);
			path = Models;
			sourceTree = "<group>";
		};
		9E2A17EF2B8C86EF00BE20CE /* Extensions */ = {
			isa = PBXGroup;
			children = (
			);
			name = Extensions;
			path = "New Group/Extensions";
			sourceTree = "<group>";
		};
		9E2A17F02B8C871700BE20CE /* Utils */ = {
			isa = PBXGroup;
			children = (
			);
			path = Utils;
			sourceTree = "<group>";
		};
		9E2A17F12B8C878B00BE20CE /* Wishlists */ = {
			isa = PBXGroup;
			children = (
			);
			path = Wishlists;
			sourceTree = "<group>";
		};
		9E2A17F52B8C879B00BE20CE /* TabBar */ = {
			isa = PBXGroup;
			children = (
			);
			path = TabBar;
			sourceTree = "<group>";
		};
		9E2A17F62B8C879E00BE20CE /* Root */ = {
			isa = PBXGroup;
			children = (
			);
			path = Root;
			sourceTree = "<group>";
		};
		9E2A17F72B8C87A100BE20CE /* Profile */ = {
			isa = PBXGroup;
			children = (
			);
			path = Profile;
			sourceTree = "<group>";
		};
		9E2A17F82B8C87A600BE20CE /* MapView */ = {
			isa = PBXGroup;
			children = (
			);
			path = MapView;
			sourceTree = "<group>";
		};
		9E2A17F92B8C87D300BE20CE /* Listings */ = {
			isa = PBXGroup;
			children = (
				9ED0BCF72B8D14BD00ABFEB1 /* ListingItemView.swift */,
				9EE724892B8DADE30067332A /* ListingDetailView.swift */,
			);
			path = Listings;
			sourceTree = "<group>";
		};
		9E2A17FA2B8C87D500BE20CE /* Explore */ = {
			isa = PBXGroup;
			children = (
				9ED0BCF52B8CFE1900ABFEB1 /* ExploreView.swift */,
				9EE724872B8DA3AE0067332A /* SearchAndFilterBar.swift */,
				9EFC33962B8E22EE0014FD22 /* DestinationSearchView.swift */,
			);
			path = Explore;
			sourceTree = "<group>";
		};
		9EE7248B2B8DAE800067332A /* Componenets */ = {
			isa = PBXGroup;
			children = (
				9EE7248C2B8DAEB70067332A /* ListingImageCarouselView.swift */,
				9EE7248E2B8DB2470067332A /* Ratings.swift */,
			);
			path = Componenets;
			sourceTree = "<group>";
		};
/* End PBXGroup section */

/* Begin PBXNativeTarget section */
		9E2A17D82B8C85AA00BE20CE /* Airbnb */ = {
			isa = PBXNativeTarget;
			buildConfigurationList = 9E2A17E72B8C85AD00BE20CE /* Build configuration list for PBXNativeTarget "Airbnb" */;
			buildPhases = (
				9E2A17D52B8C85AA00BE20CE /* Sources */,
				9E2A17D62B8C85AA00BE20CE /* Frameworks */,
				9E2A17D72B8C85AA00BE20CE /* Resources */,
			);
			buildRules = (
			);
			dependencies = (
			);
			name = Airbnb;
			productName = Airbnb;
			productReference = 9E2A17D92B8C85AA00BE20CE /* Airbnb.app */;
			productType = "com.apple.product-type.application";
		};
/* End PBXNativeTarget section */

/* Begin PBXProject section */
		9E2A17D12B8C85AA00BE20CE /* Project object */ = {
			isa = PBXProject;
			attributes = {
				BuildIndependentTargetsInParallel = 1;
				LastSwiftUpdateCheck = 1520;
				LastUpgradeCheck = 1520;
				TargetAttributes = {
					9E2A17D82B8C85AA00BE20CE = {
						CreatedOnToolsVersion = 15.2;
					};
				};
			};
			buildConfigurationList = 9E2A17D42B8C85AA00BE20CE /* Build configuration list for PBXProject "Airbnb" */;
			compatibilityVersion = "Xcode 14.0";
			developmentRegion = en;
			hasScannedForEncodings = 0;
			knownRegions = (
				en,
				Base,
			);
			mainGroup = 9E2A17D02B8C85AA00BE20CE;
			productRefGroup = 9E2A17DA2B8C85AA00BE20CE /* Products */;
			projectDirPath = "";
			projectRoot = "";
			targets = (
				9E2A17D82B8C85AA00BE20CE /* Airbnb */,
			);
		};
/* End PBXProject section */

/* Begin PBXResourcesBuildPhase section */
		9E2A17D72B8C85AA00BE20CE /* Resources */ = {
			isa = PBXResourcesBuildPhase;
			buildActionMask = 2147483647;
			files = (
				9E2A17E42B8C85AD00BE20CE /* Preview Assets.xcassets in Resources */,
				9E2A17E12B8C85AD00BE20CE /* Assets.xcassets in Resources */,
			);
			runOnlyForDeploymentPostprocessing = 0;
		};
/* End PBXResourcesBuildPhase section */

/* Begin PBXSourcesBuildPhase section */
		9E2A17D52B8C85AA00BE20CE /* Sources */ = {
			isa = PBXSourcesBuildPhase;
			buildActionMask = 2147483647;
			files = (
				9EE7248F2B8DB2470067332A /* Ratings.swift in Sources */,
				9EE7248D2B8DAEB70067332A /* ListingImageCarouselView.swift in Sources */,
				9E2A17DF2B8C85AA00BE20CE /* ContentView.swift in Sources */,
				9ED0BCF82B8D14BD00ABFEB1 /* ListingItemView.swift in Sources */,
				9ED0BCF62B8CFE1900ABFEB1 /* ExploreView.swift in Sources */,
				9EFC33972B8E22EE0014FD22 /* DestinationSearchView.swift in Sources */,
				9EE724882B8DA3AE0067332A /* SearchAndFilterBar.swift in Sources */,
				9EE7248A2B8DADE30067332A /* ListingDetailView.swift in Sources */,
				9E2A17DD2B8C85AA00BE20CE /* AirbnbApp.swift in Sources */,
			);
			runOnlyForDeploymentPostprocessing = 0;
		};
/* End PBXSourcesBuildPhase section */

/* Begin XCBuildConfiguration section */
		9E2A17E52B8C85AD00BE20CE /* Debug */ = {
			isa = XCBuildConfiguration;
			buildSettings = {
				ALWAYS_SEARCH_USER_PATHS = NO;
				ASSETCATALOG_COMPILER_GENERATE_SWIFT_ASSET_SYMBOL_EXTENSIONS = YES;
				CLANG_ANALYZER_NONNULL = YES;
				CLANG_ANALYZER_NUMBER_OBJECT_CONVERSION = YES_AGGRESSIVE;
				CLANG_CXX_LANGUAGE_STANDARD = "gnu++20";
				CLANG_ENABLE_MODULES = YES;
				CLANG_ENABLE_OBJC_ARC = YES;
				CLANG_ENABLE_OBJC_WEAK = YES;
				CLANG_WARN_BLOCK_CAPTURE_AUTORELEASING = YES;
				CLANG_WARN_BOOL_CONVERSION = YES;
				CLANG_WARN_COMMA = YES;
				CLANG_WARN_CONSTANT_CONVERSION = YES;
				CLANG_WARN_DEPRECATED_OBJC_IMPLEMENTATIONS = YES;
				CLANG_WARN_DIRECT_OBJC_ISA_USAGE = YES_ERROR;
				CLANG_WARN_DOCUMENTATION_COMMENTS = YES;
				CLANG_WARN_EMPTY_BODY = YES;
				CLANG_WARN_ENUM_CONVERSION = YES;
				CLANG_WARN_INFINITE_RECURSION = YES;
				CLANG_WARN_INT_CONVERSION = YES;
				CLANG_WARN_NON_LITERAL_NULL_CONVERSION = YES;
				CLANG_WARN_OBJC_IMPLICIT_RETAIN_SELF = YES;
				CLANG_WARN_OBJC_LITERAL_CONVERSION = YES;
				CLANG_WARN_OBJC_ROOT_CLASS = YES_ERROR;
				CLANG_WARN_QUOTED_INCLUDE_IN_FRAMEWORK_HEADER = YES;
				CLANG_WARN_RANGE_LOOP_ANALYSIS = YES;
				CLANG_WARN_STRICT_PROTOTYPES = YES;
				CLANG_WARN_SUSPICIOUS_MOVE = YES;
				CLANG_WARN_UNGUARDED_AVAILABILITY = YES_AGGRESSIVE;
				CLANG_WARN_UNREACHABLE_CODE = YES;
				CLANG_WARN__DUPLICATE_METHOD_MATCH = YES;
				COPY_PHASE_STRIP = NO;
				DEBUG_INFORMATION_FORMAT = dwarf;
				ENABLE_STRICT_OBJC_MSGSEND = YES;
				ENABLE_TESTABILITY = YES;
				ENABLE_USER_SCRIPT_SANDBOXING = YES;
				GCC_C_LANGUAGE_STANDARD = gnu17;
				GCC_DYNAMIC_NO_PIC = NO;
				GCC_NO_COMMON_BLOCKS = YES;
				GCC_OPTIMIZATION_LEVEL = 0;
				GCC_PREPROCESSOR_DEFINITIONS = (
					"DEBUG=1",
					"$(inherited)",
				);
				GCC_WARN_64_TO_32_BIT_CONVERSION = YES;
				GCC_WARN_ABOUT_RETURN_TYPE = YES_ERROR;
				GCC_WARN_UNDECLARED_SELECTOR = YES;
				GCC_WARN_UNINITIALIZED_AUTOS = YES_AGGRESSIVE;
				GCC_WARN_UNUSED_FUNCTION = YES;
				GCC_WARN_UNUSED_VARIABLE = YES;
				IPHONEOS_DEPLOYMENT_TARGET = 17.2;
				LOCALIZATION_PREFERS_STRING_CATALOGS = YES;
				MTL_ENABLE_DEBUG_INFO = INCLUDE_SOURCE;
				MTL_FAST_MATH = YES;
				ONLY_ACTIVE_ARCH = YES;
				SDKROOT = iphoneos;
				SWIFT_ACTIVE_COMPILATION_CONDITIONS = "DEBUG $(inherited)";
				SWIFT_OPTIMIZATION_LEVEL = "-Onone";
			};
			name = Debug;
		};
		9E2A17E62B8C85AD00BE20CE /* Release */ = {
			isa = XCBuildConfiguration;
			buildSettings = {
				ALWAYS_SEARCH_USER_PATHS = NO;
				ASSETCATALOG_COMPILER_GENERATE_SWIFT_ASSET_SYMBOL_EXTENSIONS = YES;
				CLANG_ANALYZER_NONNULL = YES;
				CLANG_ANALYZER_NUMBER_OBJECT_CONVERSION = YES_AGGRESSIVE;
				CLANG_CXX_LANGUAGE_STANDARD = "gnu++20";
				CLANG_ENABLE_MODULES = YES;
				CLANG_ENABLE_OBJC_ARC = YES;
				CLANG_ENABLE_OBJC_WEAK = YES;
				CLANG_WARN_BLOCK_CAPTURE_AUTORELEASING = YES;
				CLANG_WARN_BOOL_CONVERSION = YES;
				CLANG_WARN_COMMA = YES;
				CLANG_WARN_CONSTANT_CONVERSION = YES;
				CLANG_WARN_DEPRECATED_OBJC_IMPLEMENTATIONS = YES;
				CLANG_WARN_DIRECT_OBJC_ISA_USAGE = YES_ERROR;
				CLANG_WARN_DOCUMENTATION_COMMENTS = YES;
				CLANG_WARN_EMPTY_BODY = YES;
				CLANG_WARN_ENUM_CONVERSION = YES;
				CLANG_WARN_INFINITE_RECURSION = YES;
				CLANG_WARN_INT_CONVERSION = YES;
				CLANG_WARN_NON_LITERAL_NULL_CONVERSION = YES;
				CLANG_WARN_OBJC_IMPLICIT_RETAIN_SELF = YES;
				CLANG_WARN_OBJC_LITERAL_CONVERSION = YES;
				CLANG_WARN_OBJC_ROOT_CLASS = YES_ERROR;
				CLANG_WARN_QUOTED_INCLUDE_IN_FRAMEWORK_HEADER = YES;
				CLANG_WARN_RANGE_LOOP_ANALYSIS = YES;
				CLANG_WARN_STRICT_PROTOTYPES = YES;
				CLANG_WARN_SUSPICIOUS_MOVE = YES;
				CLANG_WARN_UNGUARDED_AVAILABILITY = YES_AGGRESSIVE;
				CLANG_WARN_UNREACHABLE_CODE = YES;
				CLANG_WARN__DUPLICATE_METHOD_MATCH = YES;
				COPY_PHASE_STRIP = NO;
				DEBUG_INFORMATION_FORMAT = "dwarf-with-dsym";
				ENABLE_NS_ASSERTIONS = NO;
				ENABLE_STRICT_OBJC_MSGSEND = YES;
				ENABLE_USER_SCRIPT_SANDBOXING = YES;
				GCC_C_LANGUAGE_STANDARD = gnu17;
				GCC_NO_COMMON_BLOCKS = YES;
				GCC_WARN_64_TO_32_BIT_CONVERSION = YES;
				GCC_WARN_ABOUT_RETURN_TYPE = YES_ERROR;
				GCC_WARN_UNDECLARED_SELECTOR = YES;
				GCC_WARN_UNINITIALIZED_AUTOS = YES_AGGRESSIVE;
				GCC_WARN_UNUSED_FUNCTION = YES;
				GCC_WARN_UNUSED_VARIABLE = YES;
				IPHONEOS_DEPLOYMENT_TARGET = 17.2;
				LOCALIZATION_PREFERS_STRING_CATALOGS = YES;
				MTL_ENABLE_DEBUG_INFO = NO;
				MTL_FAST_MATH = YES;
				SDKROOT = iphoneos;
				SWIFT_COMPILATION_MODE = wholemodule;
				VALIDATE_PRODUCT = YES;
			};
			name = Release;
		};
		9E2A17E82B8C85AD00BE20CE /* Debug */ = {
			isa = XCBuildConfiguration;
			buildSettings = {
				ASSETCATALOG_COMPILER_APPICON_NAME = AppIcon;
				ASSETCATALOG_COMPILER_GLOBAL_ACCENT_COLOR_NAME = AccentColor;
				CODE_SIGN_STYLE = Automatic;
				CURRENT_PROJECT_VERSION = 1;
				DEVELOPMENT_ASSET_PATHS = "\"Airbnb/Preview Content\"";
				ENABLE_PREVIEWS = YES;
				GENERATE_INFOPLIST_FILE = YES;
				INFOPLIST_KEY_UIApplicationSceneManifest_Generation = YES;
				INFOPLIST_KEY_UIApplicationSupportsIndirectInputEvents = YES;
				INFOPLIST_KEY_UILaunchScreen_Generation = YES;
				INFOPLIST_KEY_UISupportedInterfaceOrientations_iPad = "UIInterfaceOrientationPortrait UIInterfaceOrientationPortraitUpsideDown UIInterfaceOrientationLandscapeLeft UIInterfaceOrientationLandscapeRight";
				INFOPLIST_KEY_UISupportedInterfaceOrientations_iPhone = "UIInterfaceOrientationPortrait UIInterfaceOrientationLandscapeLeft UIInterfaceOrientationLandscapeRight";
				LD_RUNPATH_SEARCH_PATHS = (
					"$(inherited)",
					"@executable_path/Frameworks",
				);
				MARKETING_VERSION = 1.0;
				PRODUCT_BUNDLE_IDENTIFIER = personal.zafar.Airbnb;
				PRODUCT_NAME = "$(TARGET_NAME)";
				SWIFT_EMIT_LOC_STRINGS = YES;
				SWIFT_VERSION = 5.0;
				TARGETED_DEVICE_FAMILY = "1,2";
			};
			name = Debug;
		};
		9E2A17E92B8C85AD00BE20CE /* Release */ = {
			isa = XCBuildConfiguration;
			buildSettings = {
				ASSETCATALOG_COMPILER_APPICON_NAME = AppIcon;
				ASSETCATALOG_COMPILER_GLOBAL_ACCENT_COLOR_NAME = AccentColor;
				CODE_SIGN_STYLE = Automatic;
				CURRENT_PROJECT_VERSION = 1;
				DEVELOPMENT_ASSET_PATHS = "\"Airbnb/Preview Content\"";
				ENABLE_PREVIEWS = YES;
				GENERATE_INFOPLIST_FILE = YES;
				INFOPLIST_KEY_UIApplicationSceneManifest_Generation = YES;
				INFOPLIST_KEY_UIApplicationSupportsIndirectInputEvents = YES;
				INFOPLIST_KEY_UILaunchScreen_Generation = YES;
				INFOPLIST_KEY_UISupportedInterfaceOrientations_iPad = "UIInterfaceOrientationPortrait UIInterfaceOrientationPortraitUpsideDown UIInterfaceOrientationLandscapeLeft UIInterfaceOrientationLandscapeRight";
				INFOPLIST_KEY_UISupportedInterfaceOrientations_iPhone = "UIInterfaceOrientationPortrait UIInterfaceOrientationLandscapeLeft UIInterfaceOrientationLandscapeRight";
				LD_RUNPATH_SEARCH_PATHS = (
					"$(inherited)",
					"@executable_path/Frameworks",
				);
				MARKETING_VERSION = 1.0;
				PRODUCT_BUNDLE_IDENTIFIER = personal.zafar.Airbnb;
				PRODUCT_NAME = "$(TARGET_NAME)";
				SWIFT_EMIT_LOC_STRINGS = YES;
				SWIFT_VERSION = 5.0;
				TARGETED_DEVICE_FAMILY = "1,2";
			};
			name = Release;
		};
/* End XCBuildConfiguration section */

/* Begin XCConfigurationList section */
		9E2A17D42B8C85AA00BE20CE /* Build configuration list for PBXProject "Airbnb" */ = {
			isa = XCConfigurationList;
			buildConfigurations = (
				9E2A17E52B8C85AD00BE20CE /* Debug */,
				9E2A17E62B8C85AD00BE20CE /* Release */,
			);
			defaultConfigurationIsVisible = 0;
			defaultConfigurationName = Release;
		};
		9E2A17E72B8C85AD00BE20CE /* Build configuration list for PBXNativeTarget "Airbnb" */ = {
			isa = XCConfigurationList;
			buildConfigurations = (
				9E2A17E82B8C85AD00BE20CE /* Debug */,
				9E2A17E92B8C85AD00BE20CE /* Release */,
			);
			defaultConfigurationIsVisible = 0;
			defaultConfigurationName = Release;
		};
/* End XCConfigurationList section */
	};
	rootObject = 9E2A17D12B8C85AA00BE20CE /* Project object */;
}
